{
  "requires": true,
  "lockfileVersion": 1,
  "dependencies": {
    "mmenu-light": {
      "version": "2.3.1",
      "resolved": "https://registry.npmjs.org/mmenu-light/-/mmenu-light-2.3.1.tgz",
      "integrity": "sha512-t9rC8F/JQbP4xpjX8avEpu7cLtq1hMeKtiMt0H8wHDC61sGQy42C46ojXdXbRA9Sgz202x2kqdKwLLMow4IC2g=="
    }
  }
}
